
Microsoft Visual Studio Solution File, Format Version 12.00
# Visual Studio Version 17
VisualStudioVersion = 17.4.33122.133
MinimumVisualStudioVersion = 10.0.40219.1
Project("{9A19103F-16F7-4668-BE54-9A1E7A4F7556}") = "Day1", "Day1_Ex1\Day1.csproj", "{E82921D0-6026-4A5A-B984-CB0ABC553A23}"
EndProject
Project("{9A19103F-16F7-4668-BE54-9A1E7A4F7556}") = "Day2", "Day2\Day2.csproj", "{3B0D4584-8836-4B25-A19B-984D31F7F42A}"
EndProject
Project("{9A19103F-16F7-4668-BE54-9A1E7A4F7556}") = "Day3", "Day3\Day3.csproj", "{64B14027-0943-4616-9738-80E09FA5998F}"
EndProject
Project("{9A19103F-16F7-4668-BE54-9A1E7A4F7556}") = "Day4", "Day4\Day4.csproj", "{B581C20A-14A2-4BC1-A676-A22A01C1E0BE}"
EndProject
Project("{9A19103F-16F7-4668-BE54-9A1E7A4F7556}") = "Day5", "Day5\Day5.csproj", "{A2912413-08C2-4D1A-9E78-BC5921C1639E}"
EndProject
Project("{9A19103F-16F7-4668-BE54-9A1E7A4F7556}") = "Day6", "Day6\Day6.csproj", "{4DE271E1-9294-47F2-99C9-0B9098A45446}"
EndProject
Project("{9A19103F-16F7-4668-BE54-9A1E7A4F7556}") = "Day7", "Day7\Day7.csproj", "{B8BBA8A2-C34D-473E-9192-9E47E3392559}"
EndProject
Project("{9A19103F-16F7-4668-BE54-9A1E7A4F7556}") = "Day8", "Day8\Day8.csproj", "{54814BA2-5605-4E67-95B8-D7DE01C640E1}"
EndProject
Project("{9A19103F-16F7-4668-BE54-9A1E7A4F7556}") = "Day9", "Day9\Day9.csproj", "{4B45E653-70FB-4C52-BDDF-F003D0FFF839}"
EndProject
Project("{9A19103F-16F7-4668-BE54-9A1E7A4F7556}") = "Day10", "Day10\Day10.csproj", "{5656EB91-F1DB-4773-89CC-5F56D43EE207}"
EndProject
Project("{9A19103F-16F7-4668-BE54-9A1E7A4F7556}") = "Day11", "Day11\Day11.csproj", "{309D4089-F7CE-45F0-B014-360EE3EF2954}"
EndProject
Project("{FAE04EC0-301F-11D3-BF4B-00C04F79EFBC}") = "Day12", "Day12\Day12.csproj", "{77276C34-D785-471A-8CED-DCDF161D9BFE}"
EndProject
Global
	GlobalSection(SolutionConfigurationPlatforms) = preSolution
		Debug|Any CPU = Debug|Any CPU
		Release|Any CPU = Release|Any CPU
	EndGlobalSection
	GlobalSection(ProjectConfigurationPlatforms) = postSolution
		{E82921D0-6026-4A5A-B984-CB0ABC553A23}.Debug|Any CPU.ActiveCfg = Debug|Any CPU
		{E82921D0-6026-4A5A-B984-CB0ABC553A23}.Debug|Any CPU.Build.0 = Debug|Any CPU
		{E82921D0-6026-4A5A-B984-CB0ABC553A23}.Release|Any CPU.ActiveCfg = Release|Any CPU
		{E82921D0-6026-4A5A-B984-CB0ABC553A23}.Release|Any CPU.Build.0 = Release|Any CPU
		{3B0D4584-8836-4B25-A19B-984D31F7F42A}.Debug|Any CPU.ActiveCfg = Debug|Any CPU
		{3B0D4584-8836-4B25-A19B-984D31F7F42A}.Debug|Any CPU.Build.0 = Debug|Any CPU
		{3B0D4584-8836-4B25-A19B-984D31F7F42A}.Release|Any CPU.ActiveCfg = Release|Any CPU
		{3B0D4584-8836-4B25-A19B-984D31F7F42A}.Release|Any CPU.Build.0 = Release|Any CPU
		{64B14027-0943-4616-9738-80E09FA5998F}.Debug|Any CPU.ActiveCfg = Debug|Any CPU
		{64B14027-0943-4616-9738-80E09FA5998F}.Debug|Any CPU.Build.0 = Debug|Any CPU
		{64B14027-0943-4616-9738-80E09FA5998F}.Release|Any CPU.ActiveCfg = Release|Any CPU
		{64B14027-0943-4616-9738-80E09FA5998F}.Release|Any CPU.Build.0 = Release|Any CPU
		{B581C20A-14A2-4BC1-A676-A22A01C1E0BE}.Debug|Any CPU.ActiveCfg = Debug|Any CPU
		{B581C20A-14A2-4BC1-A676-A22A01C1E0BE}.Debug|Any CPU.Build.0 = Debug|Any CPU
		{B581C20A-14A2-4BC1-A676-A22A01C1E0BE}.Release|Any CPU.ActiveCfg = Release|Any CPU
		{B581C20A-14A2-4BC1-A676-A22A01C1E0BE}.Release|Any CPU.Build.0 = Release|Any CPU
		{A2912413-08C2-4D1A-9E78-BC5921C1639E}.Debug|Any CPU.ActiveCfg = Debug|Any CPU
		{A2912413-08C2-4D1A-9E78-BC5921C1639E}.Debug|Any CPU.Build.0 = Debug|Any CPU
		{A2912413-08C2-4D1A-9E78-BC5921C1639E}.Release|Any CPU.ActiveCfg = Release|Any CPU
		{A2912413-08C2-4D1A-9E78-BC5921C1639E}.Release|Any CPU.Build.0 = Release|Any CPU
		{4DE271E1-9294-47F2-99C9-0B9098A45446}.Debug|Any CPU.ActiveCfg = Debug|Any CPU
		{4DE271E1-9294-47F2-99C9-0B9098A45446}.Debug|Any CPU.Build.0 = Debug|Any CPU
		{4DE271E1-9294-47F2-99C9-0B9098A45446}.Release|Any CPU.ActiveCfg = Release|Any CPU
		{4DE271E1-9294-47F2-99C9-0B9098A45446}.Release|Any CPU.Build.0 = Release|Any CPU
		{B8BBA8A2-C34D-473E-9192-9E47E3392559}.Debug|Any CPU.ActiveCfg = Debug|Any CPU
		{B8BBA8A2-C34D-473E-9192-9E47E3392559}.Debug|Any CPU.Build.0 = Debug|Any CPU
		{B8BBA8A2-C34D-473E-9192-9E47E3392559}.Release|Any CPU.ActiveCfg = Release|Any CPU
		{B8BBA8A2-C34D-473E-9192-9E47E3392559}.Release|Any CPU.Build.0 = Release|Any CPU
		{54814BA2-5605-4E67-95B8-D7DE01C640E1}.Debug|Any CPU.ActiveCfg = Debug|Any CPU
		{54814BA2-5605-4E67-95B8-D7DE01C640E1}.Debug|Any CPU.Build.0 = Debug|Any CPU
		{54814BA2-5605-4E67-95B8-D7DE01C640E1}.Release|Any CPU.ActiveCfg = Release|Any CPU
		{54814BA2-5605-4E67-95B8-D7DE01C640E1}.Release|Any CPU.Build.0 = Release|Any CPU
		{4B45E653-70FB-4C52-BDDF-F003D0FFF839}.Debug|Any CPU.ActiveCfg = Debug|Any CPU
		{4B45E653-70FB-4C52-BDDF-F003D0FFF839}.Debug|Any CPU.Build.0 = Debug|Any CPU
		{4B45E653-70FB-4C52-BDDF-F003D0FFF839}.Release|Any CPU.ActiveCfg = Release|Any CPU
		{4B45E653-70FB-4C52-BDDF-F003D0FFF839}.Release|Any CPU.Build.0 = Release|Any CPU
		{5656EB91-F1DB-4773-89CC-5F56D43EE207}.Debug|Any CPU.ActiveCfg = Debug|Any CPU
		{5656EB91-F1DB-4773-89CC-5F56D43EE207}.Debug|Any CPU.Build.0 = Debug|Any CPU
		{5656EB91-F1DB-4773-89CC-5F56D43EE207}.Release|Any CPU.ActiveCfg = Release|Any CPU
		{5656EB91-F1DB-4773-89CC-5F56D43EE207}.Release|Any CPU.Build.0 = Release|Any CPU
		{309D4089-F7CE-45F0-B014-360EE3EF2954}.Debug|Any CPU.ActiveCfg = Debug|Any CPU
		{309D4089-F7CE-45F0-B014-360EE3EF2954}.Debug|Any CPU.Build.0 = Debug|Any CPU
		{309D4089-F7CE-45F0-B014-360EE3EF2954}.Release|Any CPU.ActiveCfg = Release|Any CPU
		{309D4089-F7CE-45F0-B014-360EE3EF2954}.Release|Any CPU.Build.0 = Release|Any CPU
		{77276C34-D785-471A-8CED-DCDF161D9BFE}.Debug|Any CPU.ActiveCfg = Debug|Any CPU
		{77276C34-D785-471A-8CED-DCDF161D9BFE}.Debug|Any CPU.Build.0 = Debug|Any CPU
		{77276C34-D785-471A-8CED-DCDF161D9BFE}.Release|Any CPU.ActiveCfg = Release|Any CPU
		{77276C34-D785-471A-8CED-DCDF161D9BFE}.Release|Any CPU.Build.0 = Release|Any CPU
	EndGlobalSection
	GlobalSection(SolutionProperties) = preSolution
		HideSolutionNode = FALSE
	EndGlobalSection
	GlobalSection(ExtensibilityGlobals) = postSolution
		SolutionGuid = {D39BFFA9-08F4-4F69-ACB5-2D9B8C2BC255}
	EndGlobalSection
EndGlobal
